// !$*UTF8*$!
{
	archiveVersion = 1;
	classes = {
	};
	objectVersion = 55;
	objects = {

/* Begin PBXBuildFile section */
		30225364C1CADE4BC569C902 /* Pods_isabit_isabitUITests.framework in Frameworks */ = {isa = PBXBuildFile; fileRef = E46118C2425044357EAAB7AA /* Pods_isabit_isabitUITests.framework */; };
		37AA44F1283CB8E700CDD9E2 /* isabitApp.swift in Sources */ = {isa = PBXBuildFile; fileRef = 37AA44F0283CB8E700CDD9E2 /* isabitApp.swift */; };
		37AA44F3283CB8E700CDD9E2 /* ContentView.swift in Sources */ = {isa = PBXBuildFile; fileRef = 37AA44F2283CB8E700CDD9E2 /* ContentView.swift */; };
		37AA44F5283CB8E900CDD9E2 /* Assets.xcassets in Resources */ = {isa = PBXBuildFile; fileRef = 37AA44F4283CB8E900CDD9E2 /* Assets.xcassets */; };
		37AA44F8283CB8E900CDD9E2 /* Preview Assets.xcassets in Resources */ = {isa = PBXBuildFile; fileRef = 37AA44F7283CB8E900CDD9E2 /* Preview Assets.xcassets */; };
		37AA4502283CB8EA00CDD9E2 /* isabitTests.swift in Sources */ = {isa = PBXBuildFile; fileRef = 37AA4501283CB8EA00CDD9E2 /* isabitTests.swift */; };
		37AA450C283CB8EA00CDD9E2 /* isabitUITests.swift in Sources */ = {isa = PBXBuildFile; fileRef = 37AA450B283CB8EA00CDD9E2 /* isabitUITests.swift */; };
		37AA450E283CB8EA00CDD9E2 /* isabitUITestsLaunchTests.swift in Sources */ = {isa = PBXBuildFile; fileRef = 37AA450D283CB8EA00CDD9E2 /* isabitUITestsLaunchTests.swift */; };
		5D581E7D9F850ED1E7460F12 /* Pods_isabit.framework in Frameworks */ = {isa = PBXBuildFile; fileRef = 3B259E073D31A1E4828992C6 /* Pods_isabit.framework */; };
		E87F7778174D78D0F31EFA29 /* Pods_isabitTests.framework in Frameworks */ = {isa = PBXBuildFile; fileRef = C474B46798F207844308F654 /* Pods_isabitTests.framework */; };
/* End PBXBuildFile section */

/* Begin PBXContainerItemProxy section */
		37AA44FE283CB8EA00CDD9E2 /* PBXContainerItemProxy */ = {
			isa = PBXContainerItemProxy;
			containerPortal = 37AA44E5283CB8E700CDD9E2 /* Project object */;
			proxyType = 1;
			remoteGlobalIDString = 37AA44EC283CB8E700CDD9E2;
			remoteInfo = isabit;
		};
		37AA4508283CB8EA00CDD9E2 /* PBXContainerItemProxy */ = {
			isa = PBXContainerItemProxy;
			containerPortal = 37AA44E5283CB8E700CDD9E2 /* Project object */;
			proxyType = 1;
			remoteGlobalIDString = 37AA44EC283CB8E700CDD9E2;
			remoteInfo = isabit;
		};
/* End PBXContainerItemProxy section */

/* Begin PBXFileReference section */
		0DD9C66635C500E130F7CE01 /* Pods-isabit.release.xcconfig */ = {isa = PBXFileReference; includeInIndex = 1; lastKnownFileType = text.xcconfig; name = "Pods-isabit.release.xcconfig"; path = "Target Support Files/Pods-isabit/Pods-isabit.release.xcconfig"; sourceTree = "<group>"; };
		32D5E1DC7054399BDFC2FB42 /* Pods-isabit-isabitUITests.release.xcconfig */ = {isa = PBXFileReference; includeInIndex = 1; lastKnownFileType = text.xcconfig; name = "Pods-isabit-isabitUITests.release.xcconfig"; path = "Target Support Files/Pods-isabit-isabitUITests/Pods-isabit-isabitUITests.release.xcconfig"; sourceTree = "<group>"; };
		37AA44ED283CB8E700CDD9E2 /* isabit.app */ = {isa = PBXFileReference; explicitFileType = wrapper.application; includeInIndex = 0; path = isabit.app; sourceTree = BUILT_PRODUCTS_DIR; };
		37AA44F0283CB8E700CDD9E2 /* isabitApp.swift */ = {isa = PBXFileReference; lastKnownFileType = sourcecode.swift; path = isabitApp.swift; sourceTree = "<group>"; };
		37AA44F2283CB8E700CDD9E2 /* ContentView.swift */ = {isa = PBXFileReference; lastKnownFileType = sourcecode.swift; path = ContentView.swift; sourceTree = "<group>"; };
		37AA44F4283CB8E900CDD9E2 /* Assets.xcassets */ = {isa = PBXFileReference; lastKnownFileType = folder.assetcatalog; path = Assets.xcassets; sourceTree = "<group>"; };
		37AA44F7283CB8E900CDD9E2 /* Preview Assets.xcassets */ = {isa = PBXFileReference; lastKnownFileType = folder.assetcatalog; path = "Preview Assets.xcassets"; sourceTree = "<group>"; };
		37AA44FD283CB8EA00CDD9E2 /* isabitTests.xctest */ = {isa = PBXFileReference; explicitFileType = wrapper.cfbundle; includeInIndex = 0; path = isabitTests.xctest; sourceTree = BUILT_PRODUCTS_DIR; };
		37AA4501283CB8EA00CDD9E2 /* isabitTests.swift */ = {isa = PBXFileReference; lastKnownFileType = sourcecode.swift; path = isabitTests.swift; sourceTree = "<group>"; };
		37AA4507283CB8EA00CDD9E2 /* isabitUITests.xctest */ = {isa = PBXFileReference; explicitFileType = wrapper.cfbundle; includeInIndex = 0; path = isabitUITests.xctest; sourceTree = BUILT_PRODUCTS_DIR; };
		37AA450B283CB8EA00CDD9E2 /* isabitUITests.swift */ = {isa = PBXFileReference; lastKnownFileType = sourcecode.swift; path = isabitUITests.swift; sourceTree = "<group>"; };
		37AA450D283CB8EA00CDD9E2 /* isabitUITestsLaunchTests.swift */ = {isa = PBXFileReference; lastKnownFileType = sourcecode.swift; path = isabitUITestsLaunchTests.swift; sourceTree = "<group>"; };
		3B259E073D31A1E4828992C6 /* Pods_isabit.framework */ = {isa = PBXFileReference; explicitFileType = wrapper.framework; includeInIndex = 0; path = Pods_isabit.framework; sourceTree = BUILT_PRODUCTS_DIR; };
		4666AF8CC04E9511C49BDA8E /* Pods-isabitTests.debug.xcconfig */ = {isa = PBXFileReference; includeInIndex = 1; lastKnownFileType = text.xcconfig; name = "Pods-isabitTests.debug.xcconfig"; path = "Target Support Files/Pods-isabitTests/Pods-isabitTests.debug.xcconfig"; sourceTree = "<group>"; };
		5FA2B346EDF05521E81187B6 /* Pods-isabitTests.release.xcconfig */ = {isa = PBXFileReference; includeInIndex = 1; lastKnownFileType = text.xcconfig; name = "Pods-isabitTests.release.xcconfig"; path = "Target Support Files/Pods-isabitTests/Pods-isabitTests.release.xcconfig"; sourceTree = "<group>"; };
		847AC8AE472FD858755BCD54 /* Pods-isabit-isabitUITests.debug.xcconfig */ = {isa = PBXFileReference; includeInIndex = 1; lastKnownFileType = text.xcconfig; name = "Pods-isabit-isabitUITests.debug.xcconfig"; path = "Target Support Files/Pods-isabit-isabitUITests/Pods-isabit-isabitUITests.debug.xcconfig"; sourceTree = "<group>"; };
		C474B46798F207844308F654 /* Pods_isabitTests.framework */ = {isa = PBXFileReference; explicitFileType = wrapper.framework; includeInIndex = 0; path = Pods_isabitTests.framework; sourceTree = BUILT_PRODUCTS_DIR; };
		DCE54412034D5BFC44E97CF0 /* Pods-isabit.debug.xcconfig */ = {isa = PBXFileReference; includeInIndex = 1; lastKnownFileType = text.xcconfig; name = "Pods-isabit.debug.xcconfig"; path = "Target Support Files/Pods-isabit/Pods-isabit.debug.xcconfig"; sourceTree = "<group>"; };
		E46118C2425044357EAAB7AA /* Pods_isabit_isabitUITests.framework */ = {isa = PBXFileReference; explicitFileType = wrapper.framework; includeInIndex = 0; path = Pods_isabit_isabitUITests.framework; sourceTree = BUILT_PRODUCTS_DIR; };
/* End PBXFileReference section */

/* Begin PBXFrameworksBuildPhase section */
		37AA44EA283CB8E700CDD9E2 /* Frameworks */ = {
			isa = PBXFrameworksBuildPhase;
			buildActionMask = 2147483647;
			files = (
				5D581E7D9F850ED1E7460F12 /* Pods_isabit.framework in Frameworks */,
			);
			runOnlyForDeploymentPostprocessing = 0;
		};
		37AA44FA283CB8EA00CDD9E2 /* Frameworks */ = {
			isa = PBXFrameworksBuildPhase;
			buildActionMask = 2147483647;
			files = (
				E87F7778174D78D0F31EFA29 /* Pods_isabitTests.framework in Frameworks */,
			);
			runOnlyForDeploymentPostprocessing = 0;
		};
		37AA4504283CB8EA00CDD9E2 /* Frameworks */ = {
			isa = PBXFrameworksBuildPhase;
			buildActionMask = 2147483647;
			files = (
				30225364C1CADE4BC569C902 /* Pods_isabit_isabitUITests.framework in Frameworks */,
			);
			runOnlyForDeploymentPostprocessing = 0;
		};
/* End PBXFrameworksBuildPhase section */

/* Begin PBXGroup section */
		3082E54E2452A18AA0984ECB /* Pods */ = {
			isa = PBXGroup;
			children = (
				DCE54412034D5BFC44E97CF0 /* Pods-isabit.debug.xcconfig */,
				0DD9C66635C500E130F7CE01 /* Pods-isabit.release.xcconfig */,
				847AC8AE472FD858755BCD54 /* Pods-isabit-isabitUITests.debug.xcconfig */,
				32D5E1DC7054399BDFC2FB42 /* Pods-isabit-isabitUITests.release.xcconfig */,
				4666AF8CC04E9511C49BDA8E /* Pods-isabitTests.debug.xcconfig */,
				5FA2B346EDF05521E81187B6 /* Pods-isabitTests.release.xcconfig */,
			);
			path = Pods;
			sourceTree = "<group>";
		};
		37AA44E4283CB8E700CDD9E2 = {
			isa = PBXGroup;
			children = (
				37AA44EF283CB8E700CDD9E2 /* isabit */,
				37AA4500283CB8EA00CDD9E2 /* isabitTests */,
				37AA450A283CB8EA00CDD9E2 /* isabitUITests */,
				37AA44EE283CB8E700CDD9E2 /* Products */,
				3082E54E2452A18AA0984ECB /* Pods */,
				DD61F71B6AC2CDF26A27B816 /* Frameworks */,
			);
			sourceTree = "<group>";
		};
		37AA44EE283CB8E700CDD9E2 /* Products */ = {
			isa = PBXGroup;
			children = (
				37AA44ED283CB8E700CDD9E2 /* isabit.app */,
				37AA44FD283CB8EA00CDD9E2 /* isabitTests.xctest */,
				37AA4507283CB8EA00CDD9E2 /* isabitUITests.xctest */,
			);
			name = Products;
			sourceTree = "<group>";
		};
		37AA44EF283CB8E700CDD9E2 /* isabit */ = {
			isa = PBXGroup;
			children = (
				37AA44F0283CB8E700CDD9E2 /* isabitApp.swift */,
				37AA44F2283CB8E700CDD9E2 /* ContentView.swift */,
				37AA44F4283CB8E900CDD9E2 /* Assets.xcassets */,
				37AA44F6283CB8E900CDD9E2 /* Preview Content */,
			);
			path = isabit;
			sourceTree = "<group>";
		};
		37AA44F6283CB8E900CDD9E2 /* Preview Content */ = {
			isa = PBXGroup;
			children = (
				37AA44F7283CB8E900CDD9E2 /* Preview Assets.xcassets */,
			);
			path = "Preview Content";
			sourceTree = "<group>";
		};
		37AA4500283CB8EA00CDD9E2 /* isabitTests */ = {
			isa = PBXGroup;
			children = (
				37AA4501283CB8EA00CDD9E2 /* isabitTests.swift */,
			);
			path = isabitTests;
			sourceTree = "<group>";
		};
		37AA450A283CB8EA00CDD9E2 /* isabitUITests */ = {
			isa = PBXGroup;
			children = (
				37AA450B283CB8EA00CDD9E2 /* isabitUITests.swift */,
				37AA450D283CB8EA00CDD9E2 /* isabitUITestsLaunchTests.swift */,
			);
			path = isabitUITests;
			sourceTree = "<group>";
		};
		DD61F71B6AC2CDF26A27B816 /* Frameworks */ = {
			isa = PBXGroup;
			children = (
				3B259E073D31A1E4828992C6 /* Pods_isabit.framework */,
				E46118C2425044357EAAB7AA /* Pods_isabit_isabitUITests.framework */,
				C474B46798F207844308F654 /* Pods_isabitTests.framework */,
			);
			name = Frameworks;
			sourceTree = "<group>";
		};
/* End PBXGroup section */

/* Begin PBXNativeTarget section */
		37AA44EC283CB8E700CDD9E2 /* isabit */ = {
			isa = PBXNativeTarget;
			buildConfigurationList = 37AA4511283CB8EA00CDD9E2 /* Build configuration list for PBXNativeTarget "isabit" */;
			buildPhases = (
				A69F95F7E2BCDC57CC0FC262 /* [CP] Check Pods Manifest.lock */,
				37AA44E9283CB8E700CDD9E2 /* Sources */,
				37AA44EA283CB8E700CDD9E2 /* Frameworks */,
				37AA44EB283CB8E700CDD9E2 /* Resources */,
			);
			buildRules = (
			);
			dependencies = (
			);
			name = isabit;
			productName = isabit;
			productReference = 37AA44ED283CB8E700CDD9E2 /* isabit.app */;
			productType = "com.apple.product-type.application";
		};
		37AA44FC283CB8EA00CDD9E2 /* isabitTests */ = {
			isa = PBXNativeTarget;
			buildConfigurationList = 37AA4514283CB8EA00CDD9E2 /* Build configuration list for PBXNativeTarget "isabitTests" */;
			buildPhases = (
				EA40B558B1A027E018500EEB /* [CP] Check Pods Manifest.lock */,
				37AA44F9283CB8EA00CDD9E2 /* Sources */,
				37AA44FA283CB8EA00CDD9E2 /* Frameworks */,
				37AA44FB283CB8EA00CDD9E2 /* Resources */,
			);
			buildRules = (
			);
			dependencies = (
				37AA44FF283CB8EA00CDD9E2 /* PBXTargetDependency */,
			);
			name = isabitTests;
			productName = isabitTests;
			productReference = 37AA44FD283CB8EA00CDD9E2 /* isabitTests.xctest */;
			productType = "com.apple.product-type.bundle.unit-test";
		};
		37AA4506283CB8EA00CDD9E2 /* isabitUITests */ = {
			isa = PBXNativeTarget;
			buildConfigurationList = 37AA4517283CB8EA00CDD9E2 /* Build configuration list for PBXNativeTarget "isabitUITests" */;
			buildPhases = (
				1AA82A83A2CA064D32E2644F /* [CP] Check Pods Manifest.lock */,
				37AA4503283CB8EA00CDD9E2 /* Sources */,
				37AA4504283CB8EA00CDD9E2 /* Frameworks */,
				37AA4505283CB8EA00CDD9E2 /* Resources */,
			);
			buildRules = (
			);
			dependencies = (
				37AA4509283CB8EA00CDD9E2 /* PBXTargetDependency */,
			);
			name = isabitUITests;
			productName = isabitUITests;
			productReference = 37AA4507283CB8EA00CDD9E2 /* isabitUITests.xctest */;
			productType = "com.apple.product-type.bundle.ui-testing";
		};
/* End PBXNativeTarget section */

/* Begin PBXProject section */
		37AA44E5283CB8E700CDD9E2 /* Project object */ = {
			isa = PBXProject;
			attributes = {
				BuildIndependentTargetsInParallel = 1;
				LastSwiftUpdateCheck = 1340;
				LastUpgradeCheck = 1340;
				TargetAttributes = {
					37AA44EC283CB8E700CDD9E2 = {
						CreatedOnToolsVersion = 13.4;
					};
					37AA44FC283CB8EA00CDD9E2 = {
						CreatedOnToolsVersion = 13.4;
						TestTargetID = 37AA44EC283CB8E700CDD9E2;
					};
					37AA4506283CB8EA00CDD9E2 = {
						CreatedOnToolsVersion = 13.4;
						TestTargetID = 37AA44EC283CB8E700CDD9E2;
					};
				};
			};
			buildConfigurationList = 37AA44E8283CB8E700CDD9E2 /* Build configuration list for PBXProject "isabit" */;
			compatibilityVersion = "Xcode 13.0";
			developmentRegion = en;
			hasScannedForEncodings = 0;
			knownRegions = (
				en,
				Base,
			);
			mainGroup = 37AA44E4283CB8E700CDD9E2;
			productRefGroup = 37AA44EE283CB8E700CDD9E2 /* Products */;
			projectDirPath = "";
			projectRoot = "";
			targets = (
				37AA44EC283CB8E700CDD9E2 /* isabit */,
				37AA44FC283CB8EA00CDD9E2 /* isabitTests */,
				37AA4506283CB8EA00CDD9E2 /* isabitUITests */,
			);
		};
/* End PBXProject section */

/* Begin PBXResourcesBuildPhase section */
		37AA44EB283CB8E700CDD9E2 /* Resources */ = {
			isa = PBXResourcesBuildPhase;
			buildActionMask = 2147483647;
			files = (
				37AA44F8283CB8E900CDD9E2 /* Preview Assets.xcassets in Resources */,
				37AA44F5283CB8E900CDD9E2 /* Assets.xcassets in Resources */,
			);
			runOnlyForDeploymentPostprocessing = 0;
		};
		37AA44FB283CB8EA00CDD9E2 /* Resources */ = {
			isa = PBXResourcesBuildPhase;
			buildActionMask = 2147483647;
			files = (
			);
			runOnlyForDeploymentPostprocessing = 0;
		};
		37AA4505283CB8EA00CDD9E2 /* Resources */ = {
			isa = PBXResourcesBuildPhase;
			buildActionMask = 2147483647;
			files = (
			);
			runOnlyForDeploymentPostprocessing = 0;
		};
/* End PBXResourcesBuildPhase section */

/* Begin PBXShellScriptBuildPhase section */
		1AA82A83A2CA064D32E2644F /* [CP] Check Pods Manifest.lock */ = {
			isa = PBXShellScriptBuildPhase;
			buildActionMask = 2147483647;
			files = (
			);
			inputFileListPaths = (
			);
			inputPaths = (
				"${PODS_PODFILE_DIR_PATH}/Podfile.lock",
				"${PODS_ROOT}/Manifest.lock",
			);
			name = "[CP] Check Pods Manifest.lock";
			outputFileListPaths = (
			);
			outputPaths = (
				"$(DERIVED_FILE_DIR)/Pods-isabit-isabitUITests-checkManifestLockResult.txt",
			);
			runOnlyForDeploymentPostprocessing = 0;
			shellPath = /bin/sh;
			shellScript = "diff \"${PODS_PODFILE_DIR_PATH}/Podfile.lock\" \"${PODS_ROOT}/Manifest.lock\" > /dev/null\nif [ $? != 0 ] ; then\n    # print error to STDERR\n    echo \"error: The sandbox is not in sync with the Podfile.lock. Run 'pod install' or update your CocoaPods installation.\" >&2\n    exit 1\nfi\n# This output is used by Xcode 'outputs' to avoid re-running this script phase.\necho \"SUCCESS\" > \"${SCRIPT_OUTPUT_FILE_0}\"\n";
			showEnvVarsInLog = 0;
		};
		A69F95F7E2BCDC57CC0FC262 /* [CP] Check Pods Manifest.lock */ = {
			isa = PBXShellScriptBuildPhase;
			buildActionMask = 2147483647;
			files = (
			);
			inputFileListPaths = (
			);
			inputPaths = (
				"${PODS_PODFILE_DIR_PATH}/Podfile.lock",
				"${PODS_ROOT}/Manifest.lock",
			);
			name = "[CP] Check Pods Manifest.lock";
			outputFileListPaths = (
			);
			outputPaths = (
				"$(DERIVED_FILE_DIR)/Pods-isabit-checkManifestLockResult.txt",
			);
			runOnlyForDeploymentPostprocessing = 0;
			shellPath = /bin/sh;
			shellScript = "diff \"${PODS_PODFILE_DIR_PATH}/Podfile.lock\" \"${PODS_ROOT}/Manifest.lock\" > /dev/null\nif [ $? != 0 ] ; then\n    # print error to STDERR\n    echo \"error: The sandbox is not in sync with the Podfile.lock. Run 'pod install' or update your CocoaPods installation.\" >&2\n    exit 1\nfi\n# This output is used by Xcode 'outputs' to avoid re-running this script phase.\necho \"SUCCESS\" > \"${SCRIPT_OUTPUT_FILE_0}\"\n";
			showEnvVarsInLog = 0;
		};
		EA40B558B1A027E018500EEB /* [CP] Check Pods Manifest.lock */ = {
			isa = PBXShellScriptBuildPhase;
			buildActionMask = 2147483647;
			files = (
			);
			inputFileListPaths = (
			);
			inputPaths = (
				"${PODS_PODFILE_DIR_PATH}/Podfile.lock",
				"${PODS_ROOT}/Manifest.lock",
			);
			name = "[CP] Check Pods Manifest.lock";
			outputFileListPaths = (
			);
			outputPaths = (
				"$(DERIVED_FILE_DIR)/Pods-isabitTests-checkManifestLockResult.txt",
			);
			runOnlyForDeploymentPostprocessing = 0;
			shellPath = /bin/sh;
			shellScript = "diff \"${PODS_PODFILE_DIR_PATH}/Podfile.lock\" \"${PODS_ROOT}/Manifest.lock\" > /dev/null\nif [ $? != 0 ] ; then\n    # print error to STDERR\n    echo \"error: The sandbox is not in sync with the Podfile.lock. Run 'pod install' or update your CocoaPods installation.\" >&2\n    exit 1\nfi\n# This output is used by Xcode 'outputs' to avoid re-running this script phase.\necho \"SUCCESS\" > \"${SCRIPT_OUTPUT_FILE_0}\"\n";
			showEnvVarsInLog = 0;
		};
/* End PBXShellScriptBuildPhase section */

/* Begin PBXSourcesBuildPhase section */
		37AA44E9283CB8E700CDD9E2 /* Sources */ = {
			isa = PBXSourcesBuildPhase;
			buildActionMask = 2147483647;
			files = (
				37AA44F3283CB8E700CDD9E2 /* ContentView.swift in Sources */,
				37AA44F1283CB8E700CDD9E2 /* isabitApp.swift in Sources */,
			);
			runOnlyForDeploymentPostprocessing = 0;
		};
		37AA44F9283CB8EA00CDD9E2 /* Sources */ = {
			isa = PBXSourcesBuildPhase;
			buildActionMask = 2147483647;
			files = (
				37AA4502283CB8EA00CDD9E2 /* isabitTests.swift in Sources */,
			);
			runOnlyForDeploymentPostprocessing = 0;
		};
		37AA4503283CB8EA00CDD9E2 /* Sources */ = {
			isa = PBXSourcesBuildPhase;
			buildActionMask = 2147483647;
			files = (
				37AA450E283CB8EA00CDD9E2 /* isabitUITestsLaunchTests.swift in Sources */,
				37AA450C283CB8EA00CDD9E2 /* isabitUITests.swift in Sources */,
			);
			runOnlyForDeploymentPostprocessing = 0;
		};
/* End PBXSourcesBuildPhase section */

/* Begin PBXTargetDependency section */
		37AA44FF283CB8EA00CDD9E2 /* PBXTargetDependency */ = {
			isa = PBXTargetDependency;
			target = 37AA44EC283CB8E700CDD9E2 /* isabit */;
			targetProxy = 37AA44FE283CB8EA00CDD9E2 /* PBXContainerItemProxy */;
		};
		37AA4509283CB8EA00CDD9E2 /* PBXTargetDependency */ = {
			isa = PBXTargetDependency;
			target = 37AA44EC283CB8E700CDD9E2 /* isabit */;
			targetProxy = 37AA4508283CB8EA00CDD9E2 /* PBXContainerItemProxy */;
		};
/* End PBXTargetDependency section */

/* Begin XCBuildConfiguration section */
		37AA450F283CB8EA00CDD9E2 /* Debug */ = {
			isa = XCBuildConfiguration;
			buildSettings = {
				ALWAYS_SEARCH_USER_PATHS = NO;
				CLANG_ANALYZER_NONNULL = YES;
				CLANG_ANALYZER_NUMBER_OBJECT_CONVERSION = YES_AGGRESSIVE;
				CLANG_CXX_LANGUAGE_STANDARD = "gnu++17";
				CLANG_ENABLE_MODULES = YES;
				CLANG_ENABLE_OBJC_ARC = YES;
				CLANG_ENABLE_OBJC_WEAK = YES;
				CLANG_WARN_BLOCK_CAPTURE_AUTORELEASING = YES;
				CLANG_WARN_BOOL_CONVERSION = YES;
				CLANG_WARN_COMMA = YES;
				CLANG_WARN_CONSTANT_CONVERSION = YES;
				CLANG_WARN_DEPRECATED_OBJC_IMPLEMENTATIONS = YES;
				CLANG_WARN_DIRECT_OBJC_ISA_USAGE = YES_ERROR;
				CLANG_WARN_DOCUMENTATION_COMMENTS = YES;
				CLANG_WARN_EMPTY_BODY = YES;
				CLANG_WARN_ENUM_CONVERSION = YES;
				CLANG_WARN_INFINITE_RECURSION = YES;
				CLANG_WARN_INT_CONVERSION = YES;
				CLANG_WARN_NON_LITERAL_NULL_CONVERSION = YES;
				CLANG_WARN_OBJC_IMPLICIT_RETAIN_SELF = YES;
				CLANG_WARN_OBJC_LITERAL_CONVERSION = YES;
				CLANG_WARN_OBJC_ROOT_CLASS = YES_ERROR;
				CLANG_WARN_QUOTED_INCLUDE_IN_FRAMEWORK_HEADER = YES;
				CLANG_WARN_RANGE_LOOP_ANALYSIS = YES;
				CLANG_WARN_STRICT_PROTOTYPES = YES;
				CLANG_WARN_SUSPICIOUS_MOVE = YES;
				CLANG_WARN_UNGUARDED_AVAILABILITY = YES_AGGRESSIVE;
				CLANG_WARN_UNREACHABLE_CODE = YES;
				CLANG_WARN__DUPLICATE_METHOD_MATCH = YES;
				COPY_PHASE_STRIP = NO;
				DEBUG_INFORMATION_FORMAT = dwarf;
				ENABLE_STRICT_OBJC_MSGSEND = YES;
				ENABLE_TESTABILITY = YES;
				GCC_C_LANGUAGE_STANDARD = gnu11;
				GCC_DYNAMIC_NO_PIC = NO;
				GCC_NO_COMMON_BLOCKS = YES;
				GCC_OPTIMIZATION_LEVEL = 0;
				GCC_PREPROCESSOR_DEFINITIONS = (
					"DEBUG=1",
					"$(inherited)",
				);
				GCC_WARN_64_TO_32_BIT_CONVERSION = YES;
				GCC_WARN_ABOUT_RETURN_TYPE = YES_ERROR;
				GCC_WARN_UNDECLARED_SELECTOR = YES;
				GCC_WARN_UNINITIALIZED_AUTOS = YES_AGGRESSIVE;
				GCC_WARN_UNUSED_FUNCTION = YES;
				GCC_WARN_UNUSED_VARIABLE = YES;
				IPHONEOS_DEPLOYMENT_TARGET = 15.5;
				MTL_ENABLE_DEBUG_INFO = INCLUDE_SOURCE;
				MTL_FAST_MATH = YES;
				ONLY_ACTIVE_ARCH = YES;
				SDKROOT = iphoneos;
				SWIFT_ACTIVE_COMPILATION_CONDITIONS = DEBUG;
				SWIFT_OPTIMIZATION_LEVEL = "-Onone";
			};
			name = Debug;
		};
		37AA4510283CB8EA00CDD9E2 /* Release */ = {
			isa = XCBuildConfiguration;
			buildSettings = {
				ALWAYS_SEARCH_USER_PATHS = NO;
				CLANG_ANALYZER_NONNULL = YES;
				CLANG_ANALYZER_NUMBER_OBJECT_CONVERSION = YES_AGGRESSIVE;
				CLANG_CXX_LANGUAGE_STANDARD = "gnu++17";
				CLANG_ENABLE_MODULES = YES;
				CLANG_ENABLE_OBJC_ARC = YES;
				CLANG_ENABLE_OBJC_WEAK = YES;
				CLANG_WARN_BLOCK_CAPTURE_AUTORELEASING = YES;
				CLANG_WARN_BOOL_CONVERSION = YES;
				CLANG_WARN_COMMA = YES;
				CLANG_WARN_CONSTANT_CONVERSION = YES;
				CLANG_WARN_DEPRECATED_OBJC_IMPLEMENTATIONS = YES;
				CLANG_WARN_DIRECT_OBJC_ISA_USAGE = YES_ERROR;
				CLANG_WARN_DOCUMENTATION_COMMENTS = YES;
				CLANG_WARN_EMPTY_BODY = YES;
				CLANG_WARN_ENUM_CONVERSION = YES;
				CLANG_WARN_INFINITE_RECURSION = YES;
				CLANG_WARN_INT_CONVERSION = YES;
				CLANG_WARN_NON_LITERAL_NULL_CONVERSION = YES;
				CLANG_WARN_OBJC_IMPLICIT_RETAIN_SELF = YES;
				CLANG_WARN_OBJC_LITERAL_CONVERSION = YES;
				CLANG_WARN_OBJC_ROOT_CLASS = YES_ERROR;
				CLANG_WARN_QUOTED_INCLUDE_IN_FRAMEWORK_HEADER = YES;
				CLANG_WARN_RANGE_LOOP_ANALYSIS = YES;
				CLANG_WARN_STRICT_PROTOTYPES = YES;
				CLANG_WARN_SUSPICIOUS_MOVE = YES;
				CLANG_WARN_UNGUARDED_AVAILABILITY = YES_AGGRESSIVE;
				CLANG_WARN_UNREACHABLE_CODE = YES;
				CLANG_WARN__DUPLICATE_METHOD_MATCH = YES;
				COPY_PHASE_STRIP = NO;
				DEBUG_INFORMATION_FORMAT = "dwarf-with-dsym";
				ENABLE_NS_ASSERTIONS = NO;
				ENABLE_STRICT_OBJC_MSGSEND = YES;
				GCC_C_LANGUAGE_STANDARD = gnu11;
				GCC_NO_COMMON_BLOCKS = YES;
				GCC_WARN_64_TO_32_BIT_CONVERSION = YES;
				GCC_WARN_ABOUT_RETURN_TYPE = YES_ERROR;
				GCC_WARN_UNDECLARED_SELECTOR = YES;
				GCC_WARN_UNINITIALIZED_AUTOS = YES_AGGRESSIVE;
				GCC_WARN_UNUSED_FUNCTION = YES;
				GCC_WARN_UNUSED_VARIABLE = YES;
				IPHONEOS_DEPLOYMENT_TARGET = 15.5;
				MTL_ENABLE_DEBUG_INFO = NO;
				MTL_FAST_MATH = YES;
				SDKROOT = iphoneos;
				SWIFT_COMPILATION_MODE = wholemodule;
				SWIFT_OPTIMIZATION_LEVEL = "-O";
				VALIDATE_PRODUCT = YES;
			};
			name = Release;
		};
		37AA4512283CB8EA00CDD9E2 /* Debug */ = {
			isa = XCBuildConfiguration;
			baseConfigurationReference = DCE54412034D5BFC44E97CF0 /* Pods-isabit.debug.xcconfig */;
			buildSettings = {
				ASSETCATALOG_COMPILER_APPICON_NAME = AppIcon;
				ASSETCATALOG_COMPILER_GLOBAL_ACCENT_COLOR_NAME = AccentColor;
				CODE_SIGN_IDENTITY = "iPhone Developer";
				CODE_SIGN_STYLE = Manual;
				CURRENT_PROJECT_VERSION = 1;
				DEVELOPMENT_ASSET_PATHS = "\"isabit/Preview Content\"";
				DEVELOPMENT_TEAM = M3KMTD49RM;
				ENABLE_PREVIEWS = YES;
				GENERATE_INFOPLIST_FILE = YES;
				INFOPLIST_KEY_UIApplicationSceneManifest_Generation = YES;
				INFOPLIST_KEY_UIApplicationSupportsIndirectInputEvents = YES;
				INFOPLIST_KEY_UILaunchScreen_Generation = YES;
				INFOPLIST_KEY_UISupportedInterfaceOrientations_iPad = "UIInterfaceOrientationPortrait UIInterfaceOrientationPortraitUpsideDown UIInterfaceOrientationLandscapeLeft UIInterfaceOrientationLandscapeRight";
				INFOPLIST_KEY_UISupportedInterfaceOrientations_iPhone = "UIInterfaceOrientationPortrait UIInterfaceOrientationLandscapeLeft UIInterfaceOrientationLandscapeRight";
				LD_RUNPATH_SEARCH_PATHS = (
					"$(inherited)",
					"@executable_path/Frameworks",
				);
				MARKETING_VERSION = 1.0;
				PRODUCT_BUNDLE_IDENTIFIER = dev.zzapp.isabit;
				PRODUCT_NAME = "$(TARGET_NAME)";
				PROVISIONING_PROFILE_SPECIFIER = "match Development dev.zzapp.isabit";
				SWIFT_EMIT_LOC_STRINGS = YES;
				SWIFT_VERSION = 5.0;
				TARGETED_DEVICE_FAMILY = "1,2";
			};
			name = Debug;
		};
		37AA4513283CB8EA00CDD9E2 /* Release */ = {
			isa = XCBuildConfiguration;
			baseConfigurationReference = 0DD9C66635C500E130F7CE01 /* Pods-isabit.release.xcconfig */;
			buildSettings = {
				ASSETCATALOG_COMPILER_APPICON_NAME = AppIcon;
				ASSETCATALOG_COMPILER_GLOBAL_ACCENT_COLOR_NAME = AccentColor;
				CODE_SIGN_IDENTITY = "iPhone Developer";
				CODE_SIGN_STYLE = Manual;
				CURRENT_PROJECT_VERSION = 1;
				DEVELOPMENT_ASSET_PATHS = "\"isabit/Preview Content\"";
				DEVELOPMENT_TEAM = M3KMTD49RM;
				ENABLE_PREVIEWS = YES;
				GENERATE_INFOPLIST_FILE = YES;
				INFOPLIST_KEY_UIApplicationSceneManifest_Generation = YES;
				INFOPLIST_KEY_UIApplicationSupportsIndirectInputEvents = YES;
				INFOPLIST_KEY_UILaunchScreen_Generation = YES;
				INFOPLIST_KEY_UISupportedInterfaceOrientations_iPad = "UIInterfaceOrientationPortrait UIInterfaceOrientationPortraitUpsideDown UIInterfaceOrientationLandscapeLeft UIInterfaceOrientationLandscapeRight";
				INFOPLIST_KEY_UISupportedInterfaceOrientations_iPhone = "UIInterfaceOrientationPortrait UIInterfaceOrientationLandscapeLeft UIInterfaceOrientationLandscapeRight";
				LD_RUNPATH_SEARCH_PATHS = (
					"$(inherited)",
					"@executable_path/Frameworks",
				);
				MARKETING_VERSION = 1.0;
				PRODUCT_BUNDLE_IDENTIFIER = dev.zzapp.isabit;
				PRODUCT_NAME = "$(TARGET_NAME)";
				PROVISIONING_PROFILE_SPECIFIER = "match Development dev.zzapp.isabit";
				SWIFT_EMIT_LOC_STRINGS = YES;
				SWIFT_VERSION = 5.0;
				TARGETED_DEVICE_FAMILY = "1,2";
			};
			name = Release;
		};
		37AA4515283CB8EA00CDD9E2 /* Debug */ = {
			isa = XCBuildConfiguration;
			baseConfigurationReference = 4666AF8CC04E9511C49BDA8E /* Pods-isabitTests.debug.xcconfig */;
			buildSettings = {
				ALWAYS_EMBED_SWIFT_STANDARD_LIBRARIES = YES;
				BUNDLE_LOADER = "$(TEST_HOST)";
				CODE_SIGN_STYLE = Automatic;
				CURRENT_PROJECT_VERSION = 1;
				DEVELOPMENT_TEAM = M3KMTD49RM;
				GENERATE_INFOPLIST_FILE = YES;
				IPHONEOS_DEPLOYMENT_TARGET = 15.5;
				MARKETING_VERSION = 1.0;
				PRODUCT_BUNDLE_IDENTIFIER = com.isabit.isabitTests;
				PRODUCT_NAME = "$(TARGET_NAME)";
				SWIFT_EMIT_LOC_STRINGS = NO;
				SWIFT_VERSION = 5.0;
				TARGETED_DEVICE_FAMILY = "1,2";
				TEST_HOST = "$(BUILT_PRODUCTS_DIR)/isabit.app/isabit";
			};
			name = Debug;
		};
		37AA4516283CB8EA00CDD9E2 /* Release */ = {
			isa = XCBuildConfiguration;
			baseConfigurationReference = 5FA2B346EDF05521E81187B6 /* Pods-isabitTests.release.xcconfig */;
			buildSettings = {
				ALWAYS_EMBED_SWIFT_STANDARD_LIBRARIES = YES;
				BUNDLE_LOADER = "$(TEST_HOST)";
				CODE_SIGN_STYLE = Automatic;
				CURRENT_PROJECT_VERSION = 1;
				DEVELOPMENT_TEAM = M3KMTD49RM;
				GENERATE_INFOPLIST_FILE = YES;
				IPHONEOS_DEPLOYMENT_TARGET = 15.5;
				MARKETING_VERSION = 1.0;
				PRODUCT_BUNDLE_IDENTIFIER = com.isabit.isabitTests;
				PRODUCT_NAME = "$(TARGET_NAME)";
				SWIFT_EMIT_LOC_STRINGS = NO;
				SWIFT_VERSION = 5.0;
				TARGETED_DEVICE_FAMILY = "1,2";
				TEST_HOST = "$(BUILT_PRODUCTS_DIR)/isabit.app/isabit";
			};
			name = Release;
		};
		37AA4518283CB8EA00CDD9E2 /* Debug */ = {
			isa = XCBuildConfiguration;
			baseConfigurationReference = 847AC8AE472FD858755BCD54 /* Pods-isabit-isabitUITests.debug.xcconfig */;
			buildSettings = {
				ALWAYS_EMBED_SWIFT_STANDARD_LIBRARIES = YES;
				CODE_SIGN_STYLE = Automatic;
				CURRENT_PROJECT_VERSION = 1;
				DEVELOPMENT_TEAM = M3KMTD49RM;
				GENERATE_INFOPLIST_FILE = YES;
				MARKETING_VERSION = 1.0;
				PRODUCT_BUNDLE_IDENTIFIER = com.isabit.isabitUITests;
				PRODUCT_NAME = "$(TARGET_NAME)";
				SWIFT_EMIT_LOC_STRINGS = NO;
				SWIFT_VERSION = 5.0;
				TARGETED_DEVICE_FAMILY = "1,2";
				TEST_TARGET_NAME = isabit;
			};
			name = Debug;
		};
		37AA4519283CB8EA00CDD9E2 /* Release */ = {
			isa = XCBuildConfiguration;
			baseConfigurationReference = 32D5E1DC7054399BDFC2FB42 /* Pods-isabit-isabitUITests.release.xcconfig */;
			buildSettings = {
				ALWAYS_EMBED_SWIFT_STANDARD_LIBRARIES = YES;
				CODE_SIGN_STYLE = Automatic;
				CURRENT_PROJECT_VERSION = 1;
				DEVELOPMENT_TEAM = M3KMTD49RM;
				GENERATE_INFOPLIST_FILE = YES;
				MARKETING_VERSION = 1.0;
				PRODUCT_BUNDLE_IDENTIFIER = com.isabit.isabitUITests;
				PRODUCT_NAME = "$(TARGET_NAME)";
				SWIFT_EMIT_LOC_STRINGS = NO;
				SWIFT_VERSION = 5.0;
				TARGETED_DEVICE_FAMILY = "1,2";
				TEST_TARGET_NAME = isabit;
			};
			name = Release;
		};
/* End XCBuildConfiguration section */

/* Begin XCConfigurationList section */
		37AA44E8283CB8E700CDD9E2 /* Build configuration list for PBXProject "isabit" */ = {
			isa = XCConfigurationList;
			buildConfigurations = (
				37AA450F283CB8EA00CDD9E2 /* Debug */,
				37AA4510283CB8EA00CDD9E2 /* Release */,
			);
			defaultConfigurationIsVisible = 0;
			defaultConfigurationName = Release;
		};
		37AA4511283CB8EA00CDD9E2 /* Build configuration list for PBXNativeTarget "isabit" */ = {
			isa = XCConfigurationList;
			buildConfigurations = (
				37AA4512283CB8EA00CDD9E2 /* Debug */,
				37AA4513283CB8EA00CDD9E2 /* Release */,
			);
			defaultConfigurationIsVisible = 0;
			defaultConfigurationName = Release;
		};
		37AA4514283CB8EA00CDD9E2 /* Build configuration list for PBXNativeTarget "isabitTests" */ = {
			isa = XCConfigurationList;
			buildConfigurations = (
				37AA4515283CB8EA00CDD9E2 /* Debug */,
				37AA4516283CB8EA00CDD9E2 /* Release */,
			);
			defaultConfigurationIsVisible = 0;
			defaultConfigurationName = Release;
		};
		37AA4517283CB8EA00CDD9E2 /* Build configuration list for PBXNativeTarget "isabitUITests" */ = {
			isa = XCConfigurationList;
			buildConfigurations = (
				37AA4518283CB8EA00CDD9E2 /* Debug */,
				37AA4519283CB8EA00CDD9E2 /* Release */,
			);
			defaultConfigurationIsVisible = 0;
			defaultConfigurationName = Release;
		};
/* End XCConfigurationList section */
	};
	rootObject = 37AA44E5283CB8E700CDD9E2 /* Project object */;
}
